
Microsoft Visual Studio Solution File, Format Version 12.00
# Visual Studio Version 17
VisualStudioVersion = 17.0.31903.59
MinimumVisualStudioVersion = 10.0.40219.1
Project("{2150E333-8FDC-42A3-9474-1A3956D46DE8}") = "Refactoring", "Refactoring", "{54840F2E-BC4F-44F8-BE54-7CDADE3DA955}"
EndProject
Project("{9A19103F-16F7-4668-BE54-9A1E7A4F7556}") = "Cccat.Refactoring", "src\Cccat.Refactoring\Cccat.Refactoring.csproj", "{12B4B659-742C-4F0D-A733-D67A900AA9CE}"
EndProject
Project("{9A19103F-16F7-4668-BE54-9A1E7A4F7556}") = "Cccat.Refactoring.Test", "test\Cccat.Refactoring.Test\Cccat.Refactoring.Test.csproj", "{A4AD6557-70C8-4718-BC84-478CB3BEC99B}"
EndProject
Project("{2150E333-8FDC-42A3-9474-1A3956D46DE8}") = "Projeto", "Projeto", "{48860502-9F6C-4D4C-95B0-DBE60DC2C451}"
EndProject
Project("{9A19103F-16F7-4668-BE54-9A1E7A4F7556}") = "Cccat.API", "src\Cccat.API\Cccat.API.csproj", "{0E201C23-AB15-4E1B-942B-FD5DE1DE64B0}"
EndProject
Project("{9A19103F-16F7-4668-BE54-9A1E7A4F7556}") = "Cccat.API.Test", "test\Cccat.API.Test\Cccat.API.Test.csproj", "{92A9193E-CB89-44F4-A535-F9115588E40D}"
EndProject
Project("{9A19103F-16F7-4668-BE54-9A1E7A4F7556}") = "Cccat.Queue.Producer", "src\Cccat.Queue.Producer\Cccat.Queue.Producer.csproj", "{4E13095E-B188-42FC-AAD5-2BD3AF3CA17D}"
EndProject
Project("{2150E333-8FDC-42A3-9474-1A3956D46DE8}") = "clients", "clients", "{4BA1678B-FDF9-4868-89CC-849D11F74299}"
EndProject
Project("{2150E333-8FDC-42A3-9474-1A3956D46DE8}") = "tests", "tests", "{150B6063-3830-4AB3-B04E-D359457EC76D}"
EndProject
Project("{9A19103F-16F7-4668-BE54-9A1E7A4F7556}") = "Cccat.Queue.Consumer", "src\Cccat.Queue.Consumer\Cccat.Queue.Consumer.csproj", "{2FCB71FB-3B28-4BC5-A5E0-9E91A3B26C05}"
EndProject
Project("{9A19103F-16F7-4668-BE54-9A1E7A4F7556}") = "Cccat.Application", "src\Cccat.Application\Cccat.Application.csproj", "{6FEC7CEE-6489-4A71-84F9-EDF8CCE8D029}"
EndProject
Project("{9A19103F-16F7-4668-BE54-9A1E7A4F7556}") = "Cccat.Infra", "src\Cccat.Infra\Cccat.Infra.csproj", "{2EAD153D-C31D-4CC6-B507-85D923716DEC}"
EndProject
Project("{9A19103F-16F7-4668-BE54-9A1E7A4F7556}") = "Cccat.Domain", "src\Cccat.Domain\Cccat.Domain.csproj", "{6DAC18E0-8038-4C40-B1C7-6F06F60B8474}"
EndProject
Project("{9A19103F-16F7-4668-BE54-9A1E7A4F7556}") = "Cccat.Tests", "test\Cccat.Tests\Cccat.Tests.csproj", "{81A58779-8303-4336-AA40-5F12667EF730}"
EndProject
Global
	GlobalSection(SolutionConfigurationPlatforms) = preSolution
		Debug|Any CPU = Debug|Any CPU
		Release|Any CPU = Release|Any CPU
	EndGlobalSection
	GlobalSection(ProjectConfigurationPlatforms) = postSolution
		{12B4B659-742C-4F0D-A733-D67A900AA9CE}.Debug|Any CPU.ActiveCfg = Debug|Any CPU
		{12B4B659-742C-4F0D-A733-D67A900AA9CE}.Debug|Any CPU.Build.0 = Debug|Any CPU
		{12B4B659-742C-4F0D-A733-D67A900AA9CE}.Release|Any CPU.ActiveCfg = Release|Any CPU
		{12B4B659-742C-4F0D-A733-D67A900AA9CE}.Release|Any CPU.Build.0 = Release|Any CPU
		{A4AD6557-70C8-4718-BC84-478CB3BEC99B}.Debug|Any CPU.ActiveCfg = Debug|Any CPU
		{A4AD6557-70C8-4718-BC84-478CB3BEC99B}.Debug|Any CPU.Build.0 = Debug|Any CPU
		{A4AD6557-70C8-4718-BC84-478CB3BEC99B}.Release|Any CPU.ActiveCfg = Release|Any CPU
		{A4AD6557-70C8-4718-BC84-478CB3BEC99B}.Release|Any CPU.Build.0 = Release|Any CPU
		{0E201C23-AB15-4E1B-942B-FD5DE1DE64B0}.Debug|Any CPU.ActiveCfg = Debug|Any CPU
		{0E201C23-AB15-4E1B-942B-FD5DE1DE64B0}.Debug|Any CPU.Build.0 = Debug|Any CPU
		{0E201C23-AB15-4E1B-942B-FD5DE1DE64B0}.Release|Any CPU.ActiveCfg = Release|Any CPU
		{0E201C23-AB15-4E1B-942B-FD5DE1DE64B0}.Release|Any CPU.Build.0 = Release|Any CPU
		{92A9193E-CB89-44F4-A535-F9115588E40D}.Debug|Any CPU.ActiveCfg = Debug|Any CPU
		{92A9193E-CB89-44F4-A535-F9115588E40D}.Debug|Any CPU.Build.0 = Debug|Any CPU
		{92A9193E-CB89-44F4-A535-F9115588E40D}.Release|Any CPU.ActiveCfg = Release|Any CPU
		{92A9193E-CB89-44F4-A535-F9115588E40D}.Release|Any CPU.Build.0 = Release|Any CPU
		{4E13095E-B188-42FC-AAD5-2BD3AF3CA17D}.Debug|Any CPU.ActiveCfg = Debug|Any CPU
		{4E13095E-B188-42FC-AAD5-2BD3AF3CA17D}.Debug|Any CPU.Build.0 = Debug|Any CPU
		{4E13095E-B188-42FC-AAD5-2BD3AF3CA17D}.Release|Any CPU.ActiveCfg = Release|Any CPU
		{4E13095E-B188-42FC-AAD5-2BD3AF3CA17D}.Release|Any CPU.Build.0 = Release|Any CPU
		{2FCB71FB-3B28-4BC5-A5E0-9E91A3B26C05}.Debug|Any CPU.ActiveCfg = Debug|Any CPU
		{2FCB71FB-3B28-4BC5-A5E0-9E91A3B26C05}.Debug|Any CPU.Build.0 = Debug|Any CPU
		{2FCB71FB-3B28-4BC5-A5E0-9E91A3B26C05}.Release|Any CPU.ActiveCfg = Release|Any CPU
		{2FCB71FB-3B28-4BC5-A5E0-9E91A3B26C05}.Release|Any CPU.Build.0 = Release|Any CPU
		{6FEC7CEE-6489-4A71-84F9-EDF8CCE8D029}.Debug|Any CPU.ActiveCfg = Debug|Any CPU
		{6FEC7CEE-6489-4A71-84F9-EDF8CCE8D029}.Debug|Any CPU.Build.0 = Debug|Any CPU
		{6FEC7CEE-6489-4A71-84F9-EDF8CCE8D029}.Release|Any CPU.ActiveCfg = Release|Any CPU
		{6FEC7CEE-6489-4A71-84F9-EDF8CCE8D029}.Release|Any CPU.Build.0 = Release|Any CPU
		{2EAD153D-C31D-4CC6-B507-85D923716DEC}.Debug|Any CPU.ActiveCfg = Debug|Any CPU
		{2EAD153D-C31D-4CC6-B507-85D923716DEC}.Debug|Any CPU.Build.0 = Debug|Any CPU
		{2EAD153D-C31D-4CC6-B507-85D923716DEC}.Release|Any CPU.ActiveCfg = Release|Any CPU
		{2EAD153D-C31D-4CC6-B507-85D923716DEC}.Release|Any CPU.Build.0 = Release|Any CPU
		{6DAC18E0-8038-4C40-B1C7-6F06F60B8474}.Debug|Any CPU.ActiveCfg = Debug|Any CPU
		{6DAC18E0-8038-4C40-B1C7-6F06F60B8474}.Debug|Any CPU.Build.0 = Debug|Any CPU
		{6DAC18E0-8038-4C40-B1C7-6F06F60B8474}.Release|Any CPU.ActiveCfg = Release|Any CPU
		{6DAC18E0-8038-4C40-B1C7-6F06F60B8474}.Release|Any CPU.Build.0 = Release|Any CPU
		{81A58779-8303-4336-AA40-5F12667EF730}.Debug|Any CPU.ActiveCfg = Debug|Any CPU
		{81A58779-8303-4336-AA40-5F12667EF730}.Debug|Any CPU.Build.0 = Debug|Any CPU
		{81A58779-8303-4336-AA40-5F12667EF730}.Release|Any CPU.ActiveCfg = Release|Any CPU
		{81A58779-8303-4336-AA40-5F12667EF730}.Release|Any CPU.Build.0 = Release|Any CPU
	EndGlobalSection
	GlobalSection(SolutionProperties) = preSolution
		HideSolutionNode = FALSE
	EndGlobalSection
	GlobalSection(NestedProjects) = preSolution
		{12B4B659-742C-4F0D-A733-D67A900AA9CE} = {54840F2E-BC4F-44F8-BE54-7CDADE3DA955}
		{A4AD6557-70C8-4718-BC84-478CB3BEC99B} = {54840F2E-BC4F-44F8-BE54-7CDADE3DA955}
		{0E201C23-AB15-4E1B-942B-FD5DE1DE64B0} = {4BA1678B-FDF9-4868-89CC-849D11F74299}
		{92A9193E-CB89-44F4-A535-F9115588E40D} = {150B6063-3830-4AB3-B04E-D359457EC76D}
		{4E13095E-B188-42FC-AAD5-2BD3AF3CA17D} = {4BA1678B-FDF9-4868-89CC-849D11F74299}
		{4BA1678B-FDF9-4868-89CC-849D11F74299} = {48860502-9F6C-4D4C-95B0-DBE60DC2C451}
		{150B6063-3830-4AB3-B04E-D359457EC76D} = {48860502-9F6C-4D4C-95B0-DBE60DC2C451}
		{2FCB71FB-3B28-4BC5-A5E0-9E91A3B26C05} = {4BA1678B-FDF9-4868-89CC-849D11F74299}
		{6FEC7CEE-6489-4A71-84F9-EDF8CCE8D029} = {48860502-9F6C-4D4C-95B0-DBE60DC2C451}
		{2EAD153D-C31D-4CC6-B507-85D923716DEC} = {48860502-9F6C-4D4C-95B0-DBE60DC2C451}
		{6DAC18E0-8038-4C40-B1C7-6F06F60B8474} = {48860502-9F6C-4D4C-95B0-DBE60DC2C451}
		{81A58779-8303-4336-AA40-5F12667EF730} = {150B6063-3830-4AB3-B04E-D359457EC76D}
	EndGlobalSection
	GlobalSection(ExtensibilityGlobals) = postSolution
		SolutionGuid = {5516D456-3AFE-4B04-8045-F72FFE805581}
	EndGlobalSection
EndGlobal
