
Microsoft Visual Studio Solution File, Format Version 12.00
# Visual Studio Version 17
VisualStudioVersion = 17.0.31903.59
MinimumVisualStudioVersion = 10.0.40219.1
Project("{9A19103F-16F7-4668-BE54-9A1E7A4F7556}") = "Cccat.Queue.Producer", "src\Cccat.Queue.Producer\Cccat.Queue.Producer.csproj", "{4E13095E-B188-42FC-AAD5-2BD3AF3CA17D}"
EndProject
Project("{2150E333-8FDC-42A3-9474-1A3956D46DE8}") = "queues", "queues", "{4BA1678B-FDF9-4868-89CC-849D11F74299}"
EndProject
Project("{9A19103F-16F7-4668-BE54-9A1E7A4F7556}") = "Cccat.Queue.Consumer", "src\Cccat.Queue.Consumer\Cccat.Queue.Consumer.csproj", "{2FCB71FB-3B28-4BC5-A5E0-9E91A3B26C05}"
EndProject
Project("{2150E333-8FDC-42A3-9474-1A3956D46DE8}") = "Catalogo", "Catalogo", "{E7099DAD-03BB-4086-B5E9-996668CE4FEE}"
EndProject
Project("{2150E333-8FDC-42A3-9474-1A3956D46DE8}") = "Checkout", "Checkout", "{C5DBE417-77AF-44E1-9781-751742C12C69}"
EndProject
Project("{2150E333-8FDC-42A3-9474-1A3956D46DE8}") = "Frete", "Frete", "{B8CF17A0-8F39-4EEE-98C3-D53F81B5F6D1}"
EndProject
Project("{9A19103F-16F7-4668-BE54-9A1E7A4F7556}") = "Cccat.Catalogo.API", "src\Cccat.Catalogo\Cccat.Catalogo.API\Cccat.Catalogo.API.csproj", "{EEE462C7-5714-44F2-A2A3-38FF2A852138}"
EndProject
Project("{9A19103F-16F7-4668-BE54-9A1E7A4F7556}") = "Cccat.Catalogo.Application", "src\Cccat.Catalogo\Cccat.Catalogo.Application\Cccat.Catalogo.Application.csproj", "{691338F3-D718-42DF-BF37-504D5B4B63EC}"
EndProject
Project("{9A19103F-16F7-4668-BE54-9A1E7A4F7556}") = "Cccat.Catalogo.Domain", "src\Cccat.Catalogo\Cccat.Catalogo.Domain\Cccat.Catalogo.Domain.csproj", "{CF332404-7899-4566-8A84-F1CFCF4C8305}"
EndProject
Project("{9A19103F-16F7-4668-BE54-9A1E7A4F7556}") = "Cccat.Catalogo.Infra", "src\Cccat.Catalogo\Cccat.Catalogo.Infra\Cccat.Catalogo.Infra.csproj", "{4129AFAD-FA45-4F2F-8374-CD3D11261951}"
EndProject
Project("{2150E333-8FDC-42A3-9474-1A3956D46DE8}") = "tests", "tests", "{F242AD08-D261-40CE-A899-4996DFDDC227}"
EndProject
Project("{9A19103F-16F7-4668-BE54-9A1E7A4F7556}") = "Cccat.Catalogo.API.Test", "test\Cccat.Catalogo.Test\Cccat.Catalogo.API.Test\Cccat.Catalogo.API.Test.csproj", "{5382C9A2-5410-4B40-8EB3-1BDA2A476B03}"
EndProject
Project("{9A19103F-16F7-4668-BE54-9A1E7A4F7556}") = "Cccat.Catalogo.Tests", "test\Cccat.Catalogo.Test\Cccat.Catalogo.Tests\Cccat.Catalogo.Tests.csproj", "{1A22350B-AF7F-4491-AF32-8A5611A1E6D6}"
EndProject
Project("{9A19103F-16F7-4668-BE54-9A1E7A4F7556}") = "Cccat.Checkout.API", "src\Cccat.Checkout\Cccat.Checkout.API\Cccat.Checkout.API.csproj", "{93A23A36-FD90-49CC-BA66-4E61EB1954D3}"
EndProject
Project("{9A19103F-16F7-4668-BE54-9A1E7A4F7556}") = "Cccat.Checkout.Application", "src\Cccat.Checkout\Cccat.Checkout.Application\Cccat.Checkout.Application.csproj", "{7FEB7412-11F3-414B-B00C-44D9B27A3A33}"
EndProject
Project("{9A19103F-16F7-4668-BE54-9A1E7A4F7556}") = "Cccat.Checkout.Domain", "src\Cccat.Checkout\Cccat.Checkout.Domain\Cccat.Checkout.Domain.csproj", "{0DF7C9F7-B391-41F2-9F67-036DB0E85D2A}"
EndProject
Project("{9A19103F-16F7-4668-BE54-9A1E7A4F7556}") = "Cccat.Checkout.Infra", "src\Cccat.Checkout\Cccat.Checkout.Infra\Cccat.Checkout.Infra.csproj", "{30418287-52B1-4C4F-A252-8E3F3C4B5375}"
EndProject
Project("{2150E333-8FDC-42A3-9474-1A3956D46DE8}") = "tests", "tests", "{C941C5C8-2693-402C-89E6-A87869D936FB}"
EndProject
Project("{9A19103F-16F7-4668-BE54-9A1E7A4F7556}") = "Cccat.Checkout.API.Test", "test\Cccat.Checkout.Test\Cccat.Checkout.API.Test\Cccat.Checkout.API.Test.csproj", "{AD395B85-470A-4D48-9E97-CD2258070C68}"
EndProject
Project("{9A19103F-16F7-4668-BE54-9A1E7A4F7556}") = "Cccat.Checkout.Tests", "test\Cccat.Checkout.Test\Cccat.Checkout.Tests\Cccat.Checkout.Tests.csproj", "{87E3E408-8F11-4EA6-93C3-8FE3C7B6E24C}"
EndProject
Project("{9A19103F-16F7-4668-BE54-9A1E7A4F7556}") = "Cccat.Frete.API", "src\Cccat.Frete\Cccat.Frete.API\Cccat.Frete.API.csproj", "{8A9B3B46-5E63-45A4-B1D5-DCFCD0F58AB5}"
EndProject
Project("{9A19103F-16F7-4668-BE54-9A1E7A4F7556}") = "Cccat.Frete.Application", "src\Cccat.Frete\Cccat.Frete.Application\Cccat.Frete.Application.csproj", "{548132F4-0197-4440-B052-2A2E146B8575}"
EndProject
Project("{9A19103F-16F7-4668-BE54-9A1E7A4F7556}") = "Cccat.Frete.Domain", "src\Cccat.Frete\Cccat.Frete.Domain\Cccat.Frete.Domain.csproj", "{7E48D0C0-8F70-4621-9EC6-A1FE410FD92F}"
EndProject
Project("{9A19103F-16F7-4668-BE54-9A1E7A4F7556}") = "Cccat.Frete.Infra", "src\Cccat.Frete\Cccat.Frete.Infra\Cccat.Frete.Infra.csproj", "{8282677F-A5BD-42A4-9F94-51A763A62FCB}"
EndProject
Project("{2150E333-8FDC-42A3-9474-1A3956D46DE8}") = "tests", "tests", "{FFF280A0-AA6D-4B30-AB05-1BE23AC0F9FC}"
EndProject
Project("{9A19103F-16F7-4668-BE54-9A1E7A4F7556}") = "Cccat.Frete.API.Test", "test\Cccat.Frete.Test\Cccat.Frete.API.Test\Cccat.Frete.API.Test.csproj", "{E403D909-87FF-4DE6-B7B1-8D8315A4A177}"
EndProject
Project("{9A19103F-16F7-4668-BE54-9A1E7A4F7556}") = "Cccat.Frete.Tests", "test\Cccat.Frete.Test\Cccat.Frete.Tests\Cccat.Frete.Tests.csproj", "{710E2BA3-AF75-4AE3-AE28-3970A17EC106}"
EndProject
Project("{2150E333-8FDC-42A3-9474-1A3956D46DE8}") = "Solution Items", "Solution Items", "{29331862-E7D7-4B28-AC9B-7BA5EC1AD858}"
	ProjectSection(SolutionItems) = preProject
		.editorconfig = .editorconfig
		.gitignore = .gitignore
	EndProjectSection
EndProject
Global
	GlobalSection(SolutionConfigurationPlatforms) = preSolution
		Debug|Any CPU = Debug|Any CPU
		Release|Any CPU = Release|Any CPU
	EndGlobalSection
	GlobalSection(ProjectConfigurationPlatforms) = postSolution
		{4E13095E-B188-42FC-AAD5-2BD3AF3CA17D}.Debug|Any CPU.ActiveCfg = Debug|Any CPU
		{4E13095E-B188-42FC-AAD5-2BD3AF3CA17D}.Debug|Any CPU.Build.0 = Debug|Any CPU
		{4E13095E-B188-42FC-AAD5-2BD3AF3CA17D}.Release|Any CPU.ActiveCfg = Release|Any CPU
		{4E13095E-B188-42FC-AAD5-2BD3AF3CA17D}.Release|Any CPU.Build.0 = Release|Any CPU
		{2FCB71FB-3B28-4BC5-A5E0-9E91A3B26C05}.Debug|Any CPU.ActiveCfg = Debug|Any CPU
		{2FCB71FB-3B28-4BC5-A5E0-9E91A3B26C05}.Debug|Any CPU.Build.0 = Debug|Any CPU
		{2FCB71FB-3B28-4BC5-A5E0-9E91A3B26C05}.Release|Any CPU.ActiveCfg = Release|Any CPU
		{2FCB71FB-3B28-4BC5-A5E0-9E91A3B26C05}.Release|Any CPU.Build.0 = Release|Any CPU
		{EEE462C7-5714-44F2-A2A3-38FF2A852138}.Debug|Any CPU.ActiveCfg = Debug|Any CPU
		{EEE462C7-5714-44F2-A2A3-38FF2A852138}.Debug|Any CPU.Build.0 = Debug|Any CPU
		{EEE462C7-5714-44F2-A2A3-38FF2A852138}.Release|Any CPU.ActiveCfg = Release|Any CPU
		{EEE462C7-5714-44F2-A2A3-38FF2A852138}.Release|Any CPU.Build.0 = Release|Any CPU
		{691338F3-D718-42DF-BF37-504D5B4B63EC}.Debug|Any CPU.ActiveCfg = Debug|Any CPU
		{691338F3-D718-42DF-BF37-504D5B4B63EC}.Debug|Any CPU.Build.0 = Debug|Any CPU
		{691338F3-D718-42DF-BF37-504D5B4B63EC}.Release|Any CPU.ActiveCfg = Release|Any CPU
		{691338F3-D718-42DF-BF37-504D5B4B63EC}.Release|Any CPU.Build.0 = Release|Any CPU
		{CF332404-7899-4566-8A84-F1CFCF4C8305}.Debug|Any CPU.ActiveCfg = Debug|Any CPU
		{CF332404-7899-4566-8A84-F1CFCF4C8305}.Debug|Any CPU.Build.0 = Debug|Any CPU
		{CF332404-7899-4566-8A84-F1CFCF4C8305}.Release|Any CPU.ActiveCfg = Release|Any CPU
		{CF332404-7899-4566-8A84-F1CFCF4C8305}.Release|Any CPU.Build.0 = Release|Any CPU
		{4129AFAD-FA45-4F2F-8374-CD3D11261951}.Debug|Any CPU.ActiveCfg = Debug|Any CPU
		{4129AFAD-FA45-4F2F-8374-CD3D11261951}.Debug|Any CPU.Build.0 = Debug|Any CPU
		{4129AFAD-FA45-4F2F-8374-CD3D11261951}.Release|Any CPU.ActiveCfg = Release|Any CPU
		{4129AFAD-FA45-4F2F-8374-CD3D11261951}.Release|Any CPU.Build.0 = Release|Any CPU
		{5382C9A2-5410-4B40-8EB3-1BDA2A476B03}.Debug|Any CPU.ActiveCfg = Debug|Any CPU
		{5382C9A2-5410-4B40-8EB3-1BDA2A476B03}.Debug|Any CPU.Build.0 = Debug|Any CPU
		{5382C9A2-5410-4B40-8EB3-1BDA2A476B03}.Release|Any CPU.ActiveCfg = Release|Any CPU
		{5382C9A2-5410-4B40-8EB3-1BDA2A476B03}.Release|Any CPU.Build.0 = Release|Any CPU
		{1A22350B-AF7F-4491-AF32-8A5611A1E6D6}.Debug|Any CPU.ActiveCfg = Debug|Any CPU
		{1A22350B-AF7F-4491-AF32-8A5611A1E6D6}.Debug|Any CPU.Build.0 = Debug|Any CPU
		{1A22350B-AF7F-4491-AF32-8A5611A1E6D6}.Release|Any CPU.ActiveCfg = Release|Any CPU
		{1A22350B-AF7F-4491-AF32-8A5611A1E6D6}.Release|Any CPU.Build.0 = Release|Any CPU
		{93A23A36-FD90-49CC-BA66-4E61EB1954D3}.Debug|Any CPU.ActiveCfg = Debug|Any CPU
		{93A23A36-FD90-49CC-BA66-4E61EB1954D3}.Debug|Any CPU.Build.0 = Debug|Any CPU
		{93A23A36-FD90-49CC-BA66-4E61EB1954D3}.Release|Any CPU.ActiveCfg = Release|Any CPU
		{93A23A36-FD90-49CC-BA66-4E61EB1954D3}.Release|Any CPU.Build.0 = Release|Any CPU
		{7FEB7412-11F3-414B-B00C-44D9B27A3A33}.Debug|Any CPU.ActiveCfg = Debug|Any CPU
		{7FEB7412-11F3-414B-B00C-44D9B27A3A33}.Debug|Any CPU.Build.0 = Debug|Any CPU
		{7FEB7412-11F3-414B-B00C-44D9B27A3A33}.Release|Any CPU.ActiveCfg = Release|Any CPU
		{7FEB7412-11F3-414B-B00C-44D9B27A3A33}.Release|Any CPU.Build.0 = Release|Any CPU
		{0DF7C9F7-B391-41F2-9F67-036DB0E85D2A}.Debug|Any CPU.ActiveCfg = Debug|Any CPU
		{0DF7C9F7-B391-41F2-9F67-036DB0E85D2A}.Debug|Any CPU.Build.0 = Debug|Any CPU
		{0DF7C9F7-B391-41F2-9F67-036DB0E85D2A}.Release|Any CPU.ActiveCfg = Release|Any CPU
		{0DF7C9F7-B391-41F2-9F67-036DB0E85D2A}.Release|Any CPU.Build.0 = Release|Any CPU
		{30418287-52B1-4C4F-A252-8E3F3C4B5375}.Debug|Any CPU.ActiveCfg = Debug|Any CPU
		{30418287-52B1-4C4F-A252-8E3F3C4B5375}.Debug|Any CPU.Build.0 = Debug|Any CPU
		{30418287-52B1-4C4F-A252-8E3F3C4B5375}.Release|Any CPU.ActiveCfg = Release|Any CPU
		{30418287-52B1-4C4F-A252-8E3F3C4B5375}.Release|Any CPU.Build.0 = Release|Any CPU
		{AD395B85-470A-4D48-9E97-CD2258070C68}.Debug|Any CPU.ActiveCfg = Debug|Any CPU
		{AD395B85-470A-4D48-9E97-CD2258070C68}.Debug|Any CPU.Build.0 = Debug|Any CPU
		{AD395B85-470A-4D48-9E97-CD2258070C68}.Release|Any CPU.ActiveCfg = Release|Any CPU
		{AD395B85-470A-4D48-9E97-CD2258070C68}.Release|Any CPU.Build.0 = Release|Any CPU
		{87E3E408-8F11-4EA6-93C3-8FE3C7B6E24C}.Debug|Any CPU.ActiveCfg = Debug|Any CPU
		{87E3E408-8F11-4EA6-93C3-8FE3C7B6E24C}.Debug|Any CPU.Build.0 = Debug|Any CPU
		{87E3E408-8F11-4EA6-93C3-8FE3C7B6E24C}.Release|Any CPU.ActiveCfg = Release|Any CPU
		{87E3E408-8F11-4EA6-93C3-8FE3C7B6E24C}.Release|Any CPU.Build.0 = Release|Any CPU
		{8A9B3B46-5E63-45A4-B1D5-DCFCD0F58AB5}.Debug|Any CPU.ActiveCfg = Debug|Any CPU
		{8A9B3B46-5E63-45A4-B1D5-DCFCD0F58AB5}.Debug|Any CPU.Build.0 = Debug|Any CPU
		{8A9B3B46-5E63-45A4-B1D5-DCFCD0F58AB5}.Release|Any CPU.ActiveCfg = Release|Any CPU
		{8A9B3B46-5E63-45A4-B1D5-DCFCD0F58AB5}.Release|Any CPU.Build.0 = Release|Any CPU
		{548132F4-0197-4440-B052-2A2E146B8575}.Debug|Any CPU.ActiveCfg = Debug|Any CPU
		{548132F4-0197-4440-B052-2A2E146B8575}.Debug|Any CPU.Build.0 = Debug|Any CPU
		{548132F4-0197-4440-B052-2A2E146B8575}.Release|Any CPU.ActiveCfg = Release|Any CPU
		{548132F4-0197-4440-B052-2A2E146B8575}.Release|Any CPU.Build.0 = Release|Any CPU
		{7E48D0C0-8F70-4621-9EC6-A1FE410FD92F}.Debug|Any CPU.ActiveCfg = Debug|Any CPU
		{7E48D0C0-8F70-4621-9EC6-A1FE410FD92F}.Debug|Any CPU.Build.0 = Debug|Any CPU
		{7E48D0C0-8F70-4621-9EC6-A1FE410FD92F}.Release|Any CPU.ActiveCfg = Release|Any CPU
		{7E48D0C0-8F70-4621-9EC6-A1FE410FD92F}.Release|Any CPU.Build.0 = Release|Any CPU
		{8282677F-A5BD-42A4-9F94-51A763A62FCB}.Debug|Any CPU.ActiveCfg = Debug|Any CPU
		{8282677F-A5BD-42A4-9F94-51A763A62FCB}.Debug|Any CPU.Build.0 = Debug|Any CPU
		{8282677F-A5BD-42A4-9F94-51A763A62FCB}.Release|Any CPU.ActiveCfg = Release|Any CPU
		{8282677F-A5BD-42A4-9F94-51A763A62FCB}.Release|Any CPU.Build.0 = Release|Any CPU
		{E403D909-87FF-4DE6-B7B1-8D8315A4A177}.Debug|Any CPU.ActiveCfg = Debug|Any CPU
		{E403D909-87FF-4DE6-B7B1-8D8315A4A177}.Debug|Any CPU.Build.0 = Debug|Any CPU
		{E403D909-87FF-4DE6-B7B1-8D8315A4A177}.Release|Any CPU.ActiveCfg = Release|Any CPU
		{E403D909-87FF-4DE6-B7B1-8D8315A4A177}.Release|Any CPU.Build.0 = Release|Any CPU
		{710E2BA3-AF75-4AE3-AE28-3970A17EC106}.Debug|Any CPU.ActiveCfg = Debug|Any CPU
		{710E2BA3-AF75-4AE3-AE28-3970A17EC106}.Debug|Any CPU.Build.0 = Debug|Any CPU
		{710E2BA3-AF75-4AE3-AE28-3970A17EC106}.Release|Any CPU.ActiveCfg = Release|Any CPU
		{710E2BA3-AF75-4AE3-AE28-3970A17EC106}.Release|Any CPU.Build.0 = Release|Any CPU
	EndGlobalSection
	GlobalSection(SolutionProperties) = preSolution
		HideSolutionNode = FALSE
	EndGlobalSection
	GlobalSection(NestedProjects) = preSolution
		{4E13095E-B188-42FC-AAD5-2BD3AF3CA17D} = {4BA1678B-FDF9-4868-89CC-849D11F74299}
		{2FCB71FB-3B28-4BC5-A5E0-9E91A3B26C05} = {4BA1678B-FDF9-4868-89CC-849D11F74299}
		{EEE462C7-5714-44F2-A2A3-38FF2A852138} = {E7099DAD-03BB-4086-B5E9-996668CE4FEE}
		{691338F3-D718-42DF-BF37-504D5B4B63EC} = {E7099DAD-03BB-4086-B5E9-996668CE4FEE}
		{CF332404-7899-4566-8A84-F1CFCF4C8305} = {E7099DAD-03BB-4086-B5E9-996668CE4FEE}
		{4129AFAD-FA45-4F2F-8374-CD3D11261951} = {E7099DAD-03BB-4086-B5E9-996668CE4FEE}
		{F242AD08-D261-40CE-A899-4996DFDDC227} = {E7099DAD-03BB-4086-B5E9-996668CE4FEE}
		{5382C9A2-5410-4B40-8EB3-1BDA2A476B03} = {F242AD08-D261-40CE-A899-4996DFDDC227}
		{1A22350B-AF7F-4491-AF32-8A5611A1E6D6} = {F242AD08-D261-40CE-A899-4996DFDDC227}
		{93A23A36-FD90-49CC-BA66-4E61EB1954D3} = {C5DBE417-77AF-44E1-9781-751742C12C69}
		{7FEB7412-11F3-414B-B00C-44D9B27A3A33} = {C5DBE417-77AF-44E1-9781-751742C12C69}
		{0DF7C9F7-B391-41F2-9F67-036DB0E85D2A} = {C5DBE417-77AF-44E1-9781-751742C12C69}
		{30418287-52B1-4C4F-A252-8E3F3C4B5375} = {C5DBE417-77AF-44E1-9781-751742C12C69}
		{C941C5C8-2693-402C-89E6-A87869D936FB} = {C5DBE417-77AF-44E1-9781-751742C12C69}
		{AD395B85-470A-4D48-9E97-CD2258070C68} = {C941C5C8-2693-402C-89E6-A87869D936FB}
		{87E3E408-8F11-4EA6-93C3-8FE3C7B6E24C} = {C941C5C8-2693-402C-89E6-A87869D936FB}
		{8A9B3B46-5E63-45A4-B1D5-DCFCD0F58AB5} = {B8CF17A0-8F39-4EEE-98C3-D53F81B5F6D1}
		{548132F4-0197-4440-B052-2A2E146B8575} = {B8CF17A0-8F39-4EEE-98C3-D53F81B5F6D1}
		{7E48D0C0-8F70-4621-9EC6-A1FE410FD92F} = {B8CF17A0-8F39-4EEE-98C3-D53F81B5F6D1}
		{8282677F-A5BD-42A4-9F94-51A763A62FCB} = {B8CF17A0-8F39-4EEE-98C3-D53F81B5F6D1}
		{FFF280A0-AA6D-4B30-AB05-1BE23AC0F9FC} = {B8CF17A0-8F39-4EEE-98C3-D53F81B5F6D1}
		{E403D909-87FF-4DE6-B7B1-8D8315A4A177} = {FFF280A0-AA6D-4B30-AB05-1BE23AC0F9FC}
		{710E2BA3-AF75-4AE3-AE28-3970A17EC106} = {FFF280A0-AA6D-4B30-AB05-1BE23AC0F9FC}
	EndGlobalSection
	GlobalSection(ExtensibilityGlobals) = postSolution
		SolutionGuid = {5516D456-3AFE-4B04-8045-F72FFE805581}
	EndGlobalSection
EndGlobal
